
Microsoft Visual Studio Solution File, Format Version 12.00
# Visual Studio Version 16
VisualStudioVersion = 16.0.29519.87
MinimumVisualStudioVersion = 10.0.40219.1
Project("{FAE04EC0-301F-11D3-BF4B-00C04F79EFBC}") = "Practica", "Practica\Practica.csproj", "{FB5BE81D-3256-467D-AC7B-E0B71F5149C2}"
EndProject
Global
	GlobalSection(SolutionConfigurationPlatforms) = preSolution
		Debug|Any CPU = Debug|Any CPU
		Release|Any CPU = Release|Any CPU
	EndGlobalSection
	GlobalSection(ProjectConfigurationPlatforms) = postSolution
		{FB5BE81D-3256-467D-AC7B-E0B71F5149C2}.Debug|Any CPU.ActiveCfg = Debug|Any CPU
		{FB5BE81D-3256-467D-AC7B-E0B71F5149C2}.Debug|Any CPU.Build.0 = Debug|Any CPU
		{FB5BE81D-3256-467D-AC7B-E0B71F5149C2}.Release|Any CPU.ActiveCfg = Release|Any CPU
		{FB5BE81D-3256-467D-AC7B-E0B71F5149C2}.Release|Any CPU.Build.0 = Release|Any CPU
	EndGlobalSection
	GlobalSection(SolutionProperties) = preSolution
		HideSolutionNode = FALSE
	EndGlobalSection
	GlobalSection(ExtensibilityGlobals) = postSolution
		SolutionGuid = {EA0BC63E-A62B-45B6-845F-9486BCF60903}
	EndGlobalSection
EndGlobal
